
Microsoft Visual Studio Solution File, Format Version 12.00
# Visual Studio 15
Project("{FAE04EC0-301F-11D3-BF4B-00C04F79EFBC}") = "Mediapipe.Tests.EditMode", "Mediapipe.Tests.EditMode.csproj", "{C9500D07-4AC6-5C61-B1EB-6AF991D9287F}"
EndProject
Project("{FAE04EC0-301F-11D3-BF4B-00C04F79EFBC}") = "UniGLTF", "UniGLTF.csproj", "{2CFB1C75-9CF5-9CE0-7B45-E82AADE8B557}"
EndProject
Project("{FAE04EC0-301F-11D3-BF4B-00C04F79EFBC}") = "VRM.Tests", "VRM.Tests.csproj", "{FF8D2272-1F91-E491-A66E-160C30EFD9C4}"
EndProject
Project("{FAE04EC0-301F-11D3-BF4B-00C04F79EFBC}") = "VRM", "VRM.csproj", "{6AFE7C89-9392-750A-728A-50F3D0BF531F}"
EndProject
Project("{FAE04EC0-301F-11D3-BF4B-00C04F79EFBC}") = "PhotonChat", "PhotonChat.csproj", "{A38EA776-ADF6-5E6F-93CA-B9976B1A5E64}"
EndProject
Project("{FAE04EC0-301F-11D3-BF4B-00C04F79EFBC}") = "PhotonUnityNetworking.Demos", "PhotonUnityNetworking.Demos.csproj", "{F6FFED00-6EBF-6825-3256-5BB17A77714D}"
EndProject
Project("{FAE04EC0-301F-11D3-BF4B-00C04F79EFBC}") = "Mediapipe.Runtime", "Mediapipe.Runtime.csproj", "{62B8F869-4BAD-A9F7-D57B-3597D8E50CC4}"
EndProject
Project("{FAE04EC0-301F-11D3-BF4B-00C04F79EFBC}") = "UniGLTF.Editor", "UniGLTF.Editor.csproj", "{E17A3686-C503-981D-5742-7D8478840A2A}"
EndProject
Project("{FAE04EC0-301F-11D3-BF4B-00C04F79EFBC}") = "Assembly-CSharp", "Assembly-CSharp.csproj", "{3AB3D6CB-BBE7-14BA-FC39-99096ABE6871}"
EndProject
Project("{FAE04EC0-301F-11D3-BF4B-00C04F79EFBC}") = "PhotonRealtime", "PhotonRealtime.csproj", "{74FDF3B6-C262-1E42-6958-FA253A1270B8}"
EndProject
Project("{FAE04EC0-301F-11D3-BF4B-00C04F79EFBC}") = "UniGLTF.Tests", "UniGLTF.Tests.csproj", "{E57095C4-0CD7-E9AD-9D14-41D4A3C7FF9A}"
EndProject
Project("{FAE04EC0-301F-11D3-BF4B-00C04F79EFBC}") = "UniVRM.Editor", "UniVRM.Editor.csproj", "{1B9FEB42-66F1-38EC-43A4-1E0D9D80F236}"
EndProject
Project("{FAE04EC0-301F-11D3-BF4B-00C04F79EFBC}") = "SpringBoneJobs", "SpringBoneJobs.csproj", "{2CE4DD95-DA25-1784-5285-97E30E7B7165}"
EndProject
Project("{FAE04EC0-301F-11D3-BF4B-00C04F79EFBC}") = "PhotonUnityNetworking.Editor", "PhotonUnityNetworking.Editor.csproj", "{1A777742-303E-C882-99A5-A72D057771B5}"
EndProject
Project("{FAE04EC0-301F-11D3-BF4B-00C04F79EFBC}") = "UniGLTF.Utils", "UniGLTF.Utils.csproj", "{824B1945-E8E4-C0E2-2A82-0CF27D94E84A}"
EndProject
Project("{FAE04EC0-301F-11D3-BF4B-00C04F79EFBC}") = "PhotonUnityNetworking", "PhotonUnityNetworking.csproj", "{417A12FB-D96E-2B4B-BC4F-AC2FB910E5DD}"
EndProject
Project("{FAE04EC0-301F-11D3-BF4B-00C04F79EFBC}") = "UniGLTF.UniUnlit.Editor", "UniGLTF.UniUnlit.Editor.csproj", "{E4C425A0-51F2-5FF5-6E88-8D0946F005AE}"
EndProject
Project("{FAE04EC0-301F-11D3-BF4B-00C04F79EFBC}") = "UniHumanoid", "UniHumanoid.csproj", "{903C854C-6F83-E6CE-5F8C-720C89C4A12D}"
EndProject
Project("{FAE04EC0-301F-11D3-BF4B-00C04F79EFBC}") = "PhotonUnityNetworking.Utilities.PhotonPlayer.Editor", "PhotonUnityNetworking.Utilities.PhotonPlayer.Editor.csproj", "{5B6B247D-5454-F328-31EA-918AA75074D9}"
EndProject
Project("{FAE04EC0-301F-11D3-BF4B-00C04F79EFBC}") = "VRM.Samples.Editor.Tests", "VRM.Samples.Editor.Tests.csproj", "{E256526D-618A-01DC-A580-6A7788038C55}"
EndProject
Project("{FAE04EC0-301F-11D3-BF4B-00C04F79EFBC}") = "MToon.Editor", "MToon.Editor.csproj", "{D10B3525-5FD0-0141-26D8-0A92048614FC}"
EndProject
Project("{FAE04EC0-301F-11D3-BF4B-00C04F79EFBC}") = "UniHumanoid.Editor", "UniHumanoid.Editor.csproj", "{53DD768C-3902-D145-BDC3-5161BA594E74}"
EndProject
Project("{FAE04EC0-301F-11D3-BF4B-00C04F79EFBC}") = "PhotonUnityNetworking.Utilities", "PhotonUnityNetworking.Utilities.csproj", "{63141F1A-D6E3-06A4-0151-0C190075A44B}"
EndProject
Project("{FAE04EC0-301F-11D3-BF4B-00C04F79EFBC}") = "MToon", "MToon.csproj", "{B76FB49A-4961-D4D5-7F5F-3D3B4B0C03D9}"
EndProject
Project("{FAE04EC0-301F-11D3-BF4B-00C04F79EFBC}") = "UniHumanoid.Editor.Tests", "UniHumanoid.Editor.Tests.csproj", "{7CB49B6D-2559-AFB7-6C58-329590219C88}"
EndProject
Project("{FAE04EC0-301F-11D3-BF4B-00C04F79EFBC}") = "PunDemos.DemoSlotcarEditor", "PunDemos.DemoSlotcarEditor.csproj", "{661E7607-8B0E-FE07-433A-47AC1B8AF2A4}"
EndProject
Project("{FAE04EC0-301F-11D3-BF4B-00C04F79EFBC}") = "PhotonUnityNetworking.Utilities.Culling.Editor", "PhotonUnityNetworking.Utilities.Culling.Editor.csproj", "{3B562C7C-168B-27C4-C7B3-A508A8FDCD50}"
EndProject
Project("{FAE04EC0-301F-11D3-BF4B-00C04F79EFBC}") = "UniGLTF.UniUnlit", "UniGLTF.UniUnlit.csproj", "{B7D9E7E5-1EC1-9077-4C13-B73B976E7D2A}"
EndProject
Project("{FAE04EC0-301F-11D3-BF4B-00C04F79EFBC}") = "PunDemos.DemoHubEditor", "PunDemos.DemoHubEditor.csproj", "{49A56009-D4B5-047F-A3DD-C92F294B975D}"
EndProject
Global
	GlobalSection(SolutionConfigurationPlatforms) = preSolution
		Debug|Any CPU = Debug|Any CPU
		Release|Any CPU = Release|Any CPU
	EndGlobalSection
	GlobalSection(ProjectConfigurationPlatforms) = postSolution
		{C9500D07-4AC6-5C61-B1EB-6AF991D9287F}.Debug|Any CPU.ActiveCfg = Debug|Any CPU
		{C9500D07-4AC6-5C61-B1EB-6AF991D9287F}.Debug|Any CPU.Build.0 = Debug|Any CPU
		{C9500D07-4AC6-5C61-B1EB-6AF991D9287F}.Release|Any CPU.ActiveCfg = Release|Any CPU
		{C9500D07-4AC6-5C61-B1EB-6AF991D9287F}.Release|Any CPU.Build.0 = Release|Any CPU
		{2CFB1C75-9CF5-9CE0-7B45-E82AADE8B557}.Debug|Any CPU.ActiveCfg = Debug|Any CPU
		{2CFB1C75-9CF5-9CE0-7B45-E82AADE8B557}.Debug|Any CPU.Build.0 = Debug|Any CPU
		{2CFB1C75-9CF5-9CE0-7B45-E82AADE8B557}.Release|Any CPU.ActiveCfg = Release|Any CPU
		{2CFB1C75-9CF5-9CE0-7B45-E82AADE8B557}.Release|Any CPU.Build.0 = Release|Any CPU
		{FF8D2272-1F91-E491-A66E-160C30EFD9C4}.Debug|Any CPU.ActiveCfg = Debug|Any CPU
		{FF8D2272-1F91-E491-A66E-160C30EFD9C4}.Debug|Any CPU.Build.0 = Debug|Any CPU
		{FF8D2272-1F91-E491-A66E-160C30EFD9C4}.Release|Any CPU.ActiveCfg = Release|Any CPU
		{FF8D2272-1F91-E491-A66E-160C30EFD9C4}.Release|Any CPU.Build.0 = Release|Any CPU
		{6AFE7C89-9392-750A-728A-50F3D0BF531F}.Debug|Any CPU.ActiveCfg = Debug|Any CPU
		{6AFE7C89-9392-750A-728A-50F3D0BF531F}.Debug|Any CPU.Build.0 = Debug|Any CPU
		{6AFE7C89-9392-750A-728A-50F3D0BF531F}.Release|Any CPU.ActiveCfg = Release|Any CPU
		{6AFE7C89-9392-750A-728A-50F3D0BF531F}.Release|Any CPU.Build.0 = Release|Any CPU
		{A38EA776-ADF6-5E6F-93CA-B9976B1A5E64}.Debug|Any CPU.ActiveCfg = Debug|Any CPU
		{A38EA776-ADF6-5E6F-93CA-B9976B1A5E64}.Debug|Any CPU.Build.0 = Debug|Any CPU
		{A38EA776-ADF6-5E6F-93CA-B9976B1A5E64}.Release|Any CPU.ActiveCfg = Release|Any CPU
		{A38EA776-ADF6-5E6F-93CA-B9976B1A5E64}.Release|Any CPU.Build.0 = Release|Any CPU
		{F6FFED00-6EBF-6825-3256-5BB17A77714D}.Debug|Any CPU.ActiveCfg = Debug|Any CPU
		{F6FFED00-6EBF-6825-3256-5BB17A77714D}.Debug|Any CPU.Build.0 = Debug|Any CPU
		{F6FFED00-6EBF-6825-3256-5BB17A77714D}.Release|Any CPU.ActiveCfg = Release|Any CPU
		{F6FFED00-6EBF-6825-3256-5BB17A77714D}.Release|Any CPU.Build.0 = Release|Any CPU
		{62B8F869-4BAD-A9F7-D57B-3597D8E50CC4}.Debug|Any CPU.ActiveCfg = Debug|Any CPU
		{62B8F869-4BAD-A9F7-D57B-3597D8E50CC4}.Debug|Any CPU.Build.0 = Debug|Any CPU
		{62B8F869-4BAD-A9F7-D57B-3597D8E50CC4}.Release|Any CPU.ActiveCfg = Release|Any CPU
		{62B8F869-4BAD-A9F7-D57B-3597D8E50CC4}.Release|Any CPU.Build.0 = Release|Any CPU
		{E17A3686-C503-981D-5742-7D8478840A2A}.Debug|Any CPU.ActiveCfg = Debug|Any CPU
		{E17A3686-C503-981D-5742-7D8478840A2A}.Debug|Any CPU.Build.0 = Debug|Any CPU
		{E17A3686-C503-981D-5742-7D8478840A2A}.Release|Any CPU.ActiveCfg = Release|Any CPU
		{E17A3686-C503-981D-5742-7D8478840A2A}.Release|Any CPU.Build.0 = Release|Any CPU
		{3AB3D6CB-BBE7-14BA-FC39-99096ABE6871}.Debug|Any CPU.ActiveCfg = Debug|Any CPU
		{3AB3D6CB-BBE7-14BA-FC39-99096ABE6871}.Debug|Any CPU.Build.0 = Debug|Any CPU
		{3AB3D6CB-BBE7-14BA-FC39-99096ABE6871}.Release|Any CPU.ActiveCfg = Release|Any CPU
		{3AB3D6CB-BBE7-14BA-FC39-99096ABE6871}.Release|Any CPU.Build.0 = Release|Any CPU
		{74FDF3B6-C262-1E42-6958-FA253A1270B8}.Debug|Any CPU.ActiveCfg = Debug|Any CPU
		{74FDF3B6-C262-1E42-6958-FA253A1270B8}.Debug|Any CPU.Build.0 = Debug|Any CPU
		{74FDF3B6-C262-1E42-6958-FA253A1270B8}.Release|Any CPU.ActiveCfg = Release|Any CPU
		{74FDF3B6-C262-1E42-6958-FA253A1270B8}.Release|Any CPU.Build.0 = Release|Any CPU
		{E57095C4-0CD7-E9AD-9D14-41D4A3C7FF9A}.Debug|Any CPU.ActiveCfg = Debug|Any CPU
		{E57095C4-0CD7-E9AD-9D14-41D4A3C7FF9A}.Debug|Any CPU.Build.0 = Debug|Any CPU
		{E57095C4-0CD7-E9AD-9D14-41D4A3C7FF9A}.Release|Any CPU.ActiveCfg = Release|Any CPU
		{E57095C4-0CD7-E9AD-9D14-41D4A3C7FF9A}.Release|Any CPU.Build.0 = Release|Any CPU
		{1B9FEB42-66F1-38EC-43A4-1E0D9D80F236}.Debug|Any CPU.ActiveCfg = Debug|Any CPU
		{1B9FEB42-66F1-38EC-43A4-1E0D9D80F236}.Debug|Any CPU.Build.0 = Debug|Any CPU
		{1B9FEB42-66F1-38EC-43A4-1E0D9D80F236}.Release|Any CPU.ActiveCfg = Release|Any CPU
		{1B9FEB42-66F1-38EC-43A4-1E0D9D80F236}.Release|Any CPU.Build.0 = Release|Any CPU
		{2CE4DD95-DA25-1784-5285-97E30E7B7165}.Debug|Any CPU.ActiveCfg = Debug|Any CPU
		{2CE4DD95-DA25-1784-5285-97E30E7B7165}.Debug|Any CPU.Build.0 = Debug|Any CPU
		{2CE4DD95-DA25-1784-5285-97E30E7B7165}.Release|Any CPU.ActiveCfg = Release|Any CPU
		{2CE4DD95-DA25-1784-5285-97E30E7B7165}.Release|Any CPU.Build.0 = Release|Any CPU
		{1A777742-303E-C882-99A5-A72D057771B5}.Debug|Any CPU.ActiveCfg = Debug|Any CPU
		{1A777742-303E-C882-99A5-A72D057771B5}.Debug|Any CPU.Build.0 = Debug|Any CPU
		{1A777742-303E-C882-99A5-A72D057771B5}.Release|Any CPU.ActiveCfg = Release|Any CPU
		{1A777742-303E-C882-99A5-A72D057771B5}.Release|Any CPU.Build.0 = Release|Any CPU
		{824B1945-E8E4-C0E2-2A82-0CF27D94E84A}.Debug|Any CPU.ActiveCfg = Debug|Any CPU
		{824B1945-E8E4-C0E2-2A82-0CF27D94E84A}.Debug|Any CPU.Build.0 = Debug|Any CPU
		{824B1945-E8E4-C0E2-2A82-0CF27D94E84A}.Release|Any CPU.ActiveCfg = Release|Any CPU
		{824B1945-E8E4-C0E2-2A82-0CF27D94E84A}.Release|Any CPU.Build.0 = Release|Any CPU
		{417A12FB-D96E-2B4B-BC4F-AC2FB910E5DD}.Debug|Any CPU.ActiveCfg = Debug|Any CPU
		{417A12FB-D96E-2B4B-BC4F-AC2FB910E5DD}.Debug|Any CPU.Build.0 = Debug|Any CPU
		{417A12FB-D96E-2B4B-BC4F-AC2FB910E5DD}.Release|Any CPU.ActiveCfg = Release|Any CPU
		{417A12FB-D96E-2B4B-BC4F-AC2FB910E5DD}.Release|Any CPU.Build.0 = Release|Any CPU
		{E4C425A0-51F2-5FF5-6E88-8D0946F005AE}.Debug|Any CPU.ActiveCfg = Debug|Any CPU
		{E4C425A0-51F2-5FF5-6E88-8D0946F005AE}.Debug|Any CPU.Build.0 = Debug|Any CPU
		{E4C425A0-51F2-5FF5-6E88-8D0946F005AE}.Release|Any CPU.ActiveCfg = Release|Any CPU
		{E4C425A0-51F2-5FF5-6E88-8D0946F005AE}.Release|Any CPU.Build.0 = Release|Any CPU
		{903C854C-6F83-E6CE-5F8C-720C89C4A12D}.Debug|Any CPU.ActiveCfg = Debug|Any CPU
		{903C854C-6F83-E6CE-5F8C-720C89C4A12D}.Debug|Any CPU.Build.0 = Debug|Any CPU
		{903C854C-6F83-E6CE-5F8C-720C89C4A12D}.Release|Any CPU.ActiveCfg = Release|Any CPU
		{903C854C-6F83-E6CE-5F8C-720C89C4A12D}.Release|Any CPU.Build.0 = Release|Any CPU
		{5B6B247D-5454-F328-31EA-918AA75074D9}.Debug|Any CPU.ActiveCfg = Debug|Any CPU
		{5B6B247D-5454-F328-31EA-918AA75074D9}.Debug|Any CPU.Build.0 = Debug|Any CPU
		{5B6B247D-5454-F328-31EA-918AA75074D9}.Release|Any CPU.ActiveCfg = Release|Any CPU
		{5B6B247D-5454-F328-31EA-918AA75074D9}.Release|Any CPU.Build.0 = Release|Any CPU
		{E256526D-618A-01DC-A580-6A7788038C55}.Debug|Any CPU.ActiveCfg = Debug|Any CPU
		{E256526D-618A-01DC-A580-6A7788038C55}.Debug|Any CPU.Build.0 = Debug|Any CPU
		{E256526D-618A-01DC-A580-6A7788038C55}.Release|Any CPU.ActiveCfg = Release|Any CPU
		{E256526D-618A-01DC-A580-6A7788038C55}.Release|Any CPU.Build.0 = Release|Any CPU
		{D10B3525-5FD0-0141-26D8-0A92048614FC}.Debug|Any CPU.ActiveCfg = Debug|Any CPU
		{D10B3525-5FD0-0141-26D8-0A92048614FC}.Debug|Any CPU.Build.0 = Debug|Any CPU
		{D10B3525-5FD0-0141-26D8-0A92048614FC}.Release|Any CPU.ActiveCfg = Release|Any CPU
		{D10B3525-5FD0-0141-26D8-0A92048614FC}.Release|Any CPU.Build.0 = Release|Any CPU
		{53DD768C-3902-D145-BDC3-5161BA594E74}.Debug|Any CPU.ActiveCfg = Debug|Any CPU
		{53DD768C-3902-D145-BDC3-5161BA594E74}.Debug|Any CPU.Build.0 = Debug|Any CPU
		{53DD768C-3902-D145-BDC3-5161BA594E74}.Release|Any CPU.ActiveCfg = Release|Any CPU
		{53DD768C-3902-D145-BDC3-5161BA594E74}.Release|Any CPU.Build.0 = Release|Any CPU
		{63141F1A-D6E3-06A4-0151-0C190075A44B}.Debug|Any CPU.ActiveCfg = Debug|Any CPU
		{63141F1A-D6E3-06A4-0151-0C190075A44B}.Debug|Any CPU.Build.0 = Debug|Any CPU
		{63141F1A-D6E3-06A4-0151-0C190075A44B}.Release|Any CPU.ActiveCfg = Release|Any CPU
		{63141F1A-D6E3-06A4-0151-0C190075A44B}.Release|Any CPU.Build.0 = Release|Any CPU
		{B76FB49A-4961-D4D5-7F5F-3D3B4B0C03D9}.Debug|Any CPU.ActiveCfg = Debug|Any CPU
		{B76FB49A-4961-D4D5-7F5F-3D3B4B0C03D9}.Debug|Any CPU.Build.0 = Debug|Any CPU
		{B76FB49A-4961-D4D5-7F5F-3D3B4B0C03D9}.Release|Any CPU.ActiveCfg = Release|Any CPU
		{B76FB49A-4961-D4D5-7F5F-3D3B4B0C03D9}.Release|Any CPU.Build.0 = Release|Any CPU
		{7CB49B6D-2559-AFB7-6C58-329590219C88}.Debug|Any CPU.ActiveCfg = Debug|Any CPU
		{7CB49B6D-2559-AFB7-6C58-329590219C88}.Debug|Any CPU.Build.0 = Debug|Any CPU
		{7CB49B6D-2559-AFB7-6C58-329590219C88}.Release|Any CPU.ActiveCfg = Release|Any CPU
		{7CB49B6D-2559-AFB7-6C58-329590219C88}.Release|Any CPU.Build.0 = Release|Any CPU
		{661E7607-8B0E-FE07-433A-47AC1B8AF2A4}.Debug|Any CPU.ActiveCfg = Debug|Any CPU
		{661E7607-8B0E-FE07-433A-47AC1B8AF2A4}.Debug|Any CPU.Build.0 = Debug|Any CPU
		{661E7607-8B0E-FE07-433A-47AC1B8AF2A4}.Release|Any CPU.ActiveCfg = Release|Any CPU
		{661E7607-8B0E-FE07-433A-47AC1B8AF2A4}.Release|Any CPU.Build.0 = Release|Any CPU
		{3B562C7C-168B-27C4-C7B3-A508A8FDCD50}.Debug|Any CPU.ActiveCfg = Debug|Any CPU
		{3B562C7C-168B-27C4-C7B3-A508A8FDCD50}.Debug|Any CPU.Build.0 = Debug|Any CPU
		{3B562C7C-168B-27C4-C7B3-A508A8FDCD50}.Release|Any CPU.ActiveCfg = Release|Any CPU
		{3B562C7C-168B-27C4-C7B3-A508A8FDCD50}.Release|Any CPU.Build.0 = Release|Any CPU
		{B7D9E7E5-1EC1-9077-4C13-B73B976E7D2A}.Debug|Any CPU.ActiveCfg = Debug|Any CPU
		{B7D9E7E5-1EC1-9077-4C13-B73B976E7D2A}.Debug|Any CPU.Build.0 = Debug|Any CPU
		{B7D9E7E5-1EC1-9077-4C13-B73B976E7D2A}.Release|Any CPU.ActiveCfg = Release|Any CPU
		{B7D9E7E5-1EC1-9077-4C13-B73B976E7D2A}.Release|Any CPU.Build.0 = Release|Any CPU
		{49A56009-D4B5-047F-A3DD-C92F294B975D}.Debug|Any CPU.ActiveCfg = Debug|Any CPU
		{49A56009-D4B5-047F-A3DD-C92F294B975D}.Debug|Any CPU.Build.0 = Debug|Any CPU
		{49A56009-D4B5-047F-A3DD-C92F294B975D}.Release|Any CPU.ActiveCfg = Release|Any CPU
		{49A56009-D4B5-047F-A3DD-C92F294B975D}.Release|Any CPU.Build.0 = Release|Any CPU
	EndGlobalSection
	GlobalSection(SolutionProperties) = preSolution
		HideSolutionNode = FALSE
	EndGlobalSection
EndGlobal
